
Microsoft Visual Studio Solution File, Format Version 12.00
# Visual Studio Version 17
VisualStudioVersion = 17.14.36221.1 d17.14
MinimumVisualStudioVersion = 10.0.40219.1
Project("{FAE04EC0-301F-11D3-BF4B-00C04F79EFBC}") = "TrainerManagerServer", "TrainerManagerServer\TrainerManagerServer.csproj", "{FB3590D7-4AE8-4B4F-BB32-0259760A75D5}"
EndProject
Global
	GlobalSection(SolutionConfigurationPlatforms) = preSolution
		Debug|Any CPU = Debug|Any CPU
		Release|Any CPU = Release|Any CPU
	EndGlobalSection
	GlobalSection(ProjectConfigurationPlatforms) = postSolution
		{FB3590D7-4AE8-4B4F-BB32-0259760A75D5}.Debug|Any CPU.ActiveCfg = Debug|Any CPU
		{FB3590D7-4AE8-4B4F-BB32-0259760A75D5}.Debug|Any CPU.Build.0 = Debug|Any CPU
		{FB3590D7-4AE8-4B4F-BB32-0259760A75D5}.Release|Any CPU.ActiveCfg = Release|Any CPU
		{FB3590D7-4AE8-4B4F-BB32-0259760A75D5}.Release|Any CPU.Build.0 = Release|Any CPU
	EndGlobalSection
	GlobalSection(SolutionProperties) = preSolution
		HideSolutionNode = FALSE
	EndGlobalSection
	GlobalSection(ExtensibilityGlobals) = postSolution
		SolutionGuid = {BEBD4A24-8A81-481D-A5AA-9B32B6331D2F}
	EndGlobalSection
EndGlobal
